
Microsoft Visual Studio Solution File, Format Version 12.00
# Visual Studio Version 17
VisualStudioVersion = 17.0.31903.59
MinimumVisualStudioVersion = 10.0.40219.1
Project("{2150E333-8FDC-42A3-9474-1A3956D46DE8}") = "src", "src", "{827E0CD3-B72D-47B6-A68D-7590B98EB39B}"
EndProject
Project("{FAE04EC0-301F-11D3-BF4B-00C04F79EFBC}") = "Deck.Console", "src\Deck.Console\Deck.Console.csproj", "{92E5EF83-3D61-4873-901D-B08496235483}"
EndProject
Project("{FAE04EC0-301F-11D3-BF4B-00C04F79EFBC}") = "Deck.Core", "src\Deck.Core\Deck.Core.csproj", "{B1A8F81B-5891-48D8-810B-8E8B95D00D2C}"
EndProject
Project("{FAE04EC0-301F-11D3-BF4B-00C04F79EFBC}") = "Deck.Services", "src\Deck.Services\Deck.Services.csproj", "{06DDDDBF-B0C4-4DD7-860A-409F8B52ED1A}"
EndProject
Project("{FAE04EC0-301F-11D3-BF4B-00C04F79EFBC}") = "Deck.Infrastructure", "src\Deck.Infrastructure\Deck.Infrastructure.csproj", "{D1AB7AFE-75C1-47B2-9EB5-427DB7E8B02A}"
EndProject
Project("{2150E333-8FDC-42A3-9474-1A3956D46DE8}") = "tests", "tests", "{0AB3BF05-4346-4AA6-1389-037BE0695223}"
EndProject
Project("{FAE04EC0-301F-11D3-BF4B-00C04F79EFBC}") = "Deck.Console.Tests", "tests\Deck.Console.Tests\Deck.Console.Tests.csproj", "{758E59C5-B796-4A45-AD0A-E905FB2DAED5}"
EndProject
Project("{FAE04EC0-301F-11D3-BF4B-00C04F79EFBC}") = "Deck.Services.Tests", "tests\Deck.Services.Tests\Deck.Services.Tests.csproj", "{67F73794-D88A-49F7-8CA4-52256D5603C5}"
EndProject
Global
	GlobalSection(SolutionConfigurationPlatforms) = preSolution
		Debug|Any CPU = Debug|Any CPU
		Debug|x64 = Debug|x64
		Debug|x86 = Debug|x86
		Release|Any CPU = Release|Any CPU
		Release|x64 = Release|x64
		Release|x86 = Release|x86
	EndGlobalSection
	GlobalSection(ProjectConfigurationPlatforms) = postSolution
		{92E5EF83-3D61-4873-901D-B08496235483}.Debug|Any CPU.ActiveCfg = Debug|Any CPU
		{92E5EF83-3D61-4873-901D-B08496235483}.Debug|Any CPU.Build.0 = Debug|Any CPU
		{92E5EF83-3D61-4873-901D-B08496235483}.Debug|x64.ActiveCfg = Debug|Any CPU
		{92E5EF83-3D61-4873-901D-B08496235483}.Debug|x64.Build.0 = Debug|Any CPU
		{92E5EF83-3D61-4873-901D-B08496235483}.Debug|x86.ActiveCfg = Debug|Any CPU
		{92E5EF83-3D61-4873-901D-B08496235483}.Debug|x86.Build.0 = Debug|Any CPU
		{92E5EF83-3D61-4873-901D-B08496235483}.Release|Any CPU.ActiveCfg = Release|Any CPU
		{92E5EF83-3D61-4873-901D-B08496235483}.Release|Any CPU.Build.0 = Release|Any CPU
		{92E5EF83-3D61-4873-901D-B08496235483}.Release|x64.ActiveCfg = Release|Any CPU
		{92E5EF83-3D61-4873-901D-B08496235483}.Release|x64.Build.0 = Release|Any CPU
		{92E5EF83-3D61-4873-901D-B08496235483}.Release|x86.ActiveCfg = Release|Any CPU
		{92E5EF83-3D61-4873-901D-B08496235483}.Release|x86.Build.0 = Release|Any CPU
		{B1A8F81B-5891-48D8-810B-8E8B95D00D2C}.Debug|Any CPU.ActiveCfg = Debug|Any CPU
		{B1A8F81B-5891-48D8-810B-8E8B95D00D2C}.Debug|Any CPU.Build.0 = Debug|Any CPU
		{B1A8F81B-5891-48D8-810B-8E8B95D00D2C}.Debug|x64.ActiveCfg = Debug|Any CPU
		{B1A8F81B-5891-48D8-810B-8E8B95D00D2C}.Debug|x64.Build.0 = Debug|Any CPU
		{B1A8F81B-5891-48D8-810B-8E8B95D00D2C}.Debug|x86.ActiveCfg = Debug|Any CPU
		{B1A8F81B-5891-48D8-810B-8E8B95D00D2C}.Debug|x86.Build.0 = Debug|Any CPU
		{B1A8F81B-5891-48D8-810B-8E8B95D00D2C}.Release|Any CPU.ActiveCfg = Release|Any CPU
		{B1A8F81B-5891-48D8-810B-8E8B95D00D2C}.Release|Any CPU.Build.0 = Release|Any CPU
		{B1A8F81B-5891-48D8-810B-8E8B95D00D2C}.Release|x64.ActiveCfg = Release|Any CPU
		{B1A8F81B-5891-48D8-810B-8E8B95D00D2C}.Release|x64.Build.0 = Release|Any CPU
		{B1A8F81B-5891-48D8-810B-8E8B95D00D2C}.Release|x86.ActiveCfg = Release|Any CPU
		{B1A8F81B-5891-48D8-810B-8E8B95D00D2C}.Release|x86.Build.0 = Release|Any CPU
		{06DDDDBF-B0C4-4DD7-860A-409F8B52ED1A}.Debug|Any CPU.ActiveCfg = Debug|Any CPU
		{06DDDDBF-B0C4-4DD7-860A-409F8B52ED1A}.Debug|Any CPU.Build.0 = Debug|Any CPU
		{06DDDDBF-B0C4-4DD7-860A-409F8B52ED1A}.Debug|x64.ActiveCfg = Debug|Any CPU
		{06DDDDBF-B0C4-4DD7-860A-409F8B52ED1A}.Debug|x64.Build.0 = Debug|Any CPU
		{06DDDDBF-B0C4-4DD7-860A-409F8B52ED1A}.Debug|x86.ActiveCfg = Debug|Any CPU
		{06DDDDBF-B0C4-4DD7-860A-409F8B52ED1A}.Debug|x86.Build.0 = Debug|Any CPU
		{06DDDDBF-B0C4-4DD7-860A-409F8B52ED1A}.Release|Any CPU.ActiveCfg = Release|Any CPU
		{06DDDDBF-B0C4-4DD7-860A-409F8B52ED1A}.Release|Any CPU.Build.0 = Release|Any CPU
		{06DDDDBF-B0C4-4DD7-860A-409F8B52ED1A}.Release|x64.ActiveCfg = Release|Any CPU
		{06DDDDBF-B0C4-4DD7-860A-409F8B52ED1A}.Release|x64.Build.0 = Release|Any CPU
		{06DDDDBF-B0C4-4DD7-860A-409F8B52ED1A}.Release|x86.ActiveCfg = Release|Any CPU
		{06DDDDBF-B0C4-4DD7-860A-409F8B52ED1A}.Release|x86.Build.0 = Release|Any CPU
		{D1AB7AFE-75C1-47B2-9EB5-427DB7E8B02A}.Debug|Any CPU.ActiveCfg = Debug|Any CPU
		{D1AB7AFE-75C1-47B2-9EB5-427DB7E8B02A}.Debug|Any CPU.Build.0 = Debug|Any CPU
		{D1AB7AFE-75C1-47B2-9EB5-427DB7E8B02A}.Debug|x64.ActiveCfg = Debug|Any CPU
		{D1AB7AFE-75C1-47B2-9EB5-427DB7E8B02A}.Debug|x64.Build.0 = Debug|Any CPU
		{D1AB7AFE-75C1-47B2-9EB5-427DB7E8B02A}.Debug|x86.ActiveCfg = Debug|Any CPU
		{D1AB7AFE-75C1-47B2-9EB5-427DB7E8B02A}.Debug|x86.Build.0 = Debug|Any CPU
		{D1AB7AFE-75C1-47B2-9EB5-427DB7E8B02A}.Release|Any CPU.ActiveCfg = Release|Any CPU
		{D1AB7AFE-75C1-47B2-9EB5-427DB7E8B02A}.Release|Any CPU.Build.0 = Release|Any CPU
		{D1AB7AFE-75C1-47B2-9EB5-427DB7E8B02A}.Release|x64.ActiveCfg = Release|Any CPU
		{D1AB7AFE-75C1-47B2-9EB5-427DB7E8B02A}.Release|x64.Build.0 = Release|Any CPU
		{D1AB7AFE-75C1-47B2-9EB5-427DB7E8B02A}.Release|x86.ActiveCfg = Release|Any CPU
		{D1AB7AFE-75C1-47B2-9EB5-427DB7E8B02A}.Release|x86.Build.0 = Release|Any CPU
		{758E59C5-B796-4A45-AD0A-E905FB2DAED5}.Debug|Any CPU.ActiveCfg = Debug|Any CPU
		{758E59C5-B796-4A45-AD0A-E905FB2DAED5}.Debug|Any CPU.Build.0 = Debug|Any CPU
		{758E59C5-B796-4A45-AD0A-E905FB2DAED5}.Debug|x64.ActiveCfg = Debug|Any CPU
		{758E59C5-B796-4A45-AD0A-E905FB2DAED5}.Debug|x64.Build.0 = Debug|Any CPU
		{758E59C5-B796-4A45-AD0A-E905FB2DAED5}.Debug|x86.ActiveCfg = Debug|Any CPU
		{758E59C5-B796-4A45-AD0A-E905FB2DAED5}.Debug|x86.Build.0 = Debug|Any CPU
		{758E59C5-B796-4A45-AD0A-E905FB2DAED5}.Release|Any CPU.ActiveCfg = Release|Any CPU
		{758E59C5-B796-4A45-AD0A-E905FB2DAED5}.Release|Any CPU.Build.0 = Release|Any CPU
		{758E59C5-B796-4A45-AD0A-E905FB2DAED5}.Release|x64.ActiveCfg = Release|Any CPU
		{758E59C5-B796-4A45-AD0A-E905FB2DAED5}.Release|x64.Build.0 = Release|Any CPU
		{758E59C5-B796-4A45-AD0A-E905FB2DAED5}.Release|x86.ActiveCfg = Release|Any CPU
		{758E59C5-B796-4A45-AD0A-E905FB2DAED5}.Release|x86.Build.0 = Release|Any CPU
		{67F73794-D88A-49F7-8CA4-52256D5603C5}.Debug|Any CPU.ActiveCfg = Debug|Any CPU
		{67F73794-D88A-49F7-8CA4-52256D5603C5}.Debug|Any CPU.Build.0 = Debug|Any CPU
		{67F73794-D88A-49F7-8CA4-52256D5603C5}.Debug|x64.ActiveCfg = Debug|Any CPU
		{67F73794-D88A-49F7-8CA4-52256D5603C5}.Debug|x64.Build.0 = Debug|Any CPU
		{67F73794-D88A-49F7-8CA4-52256D5603C5}.Debug|x86.ActiveCfg = Debug|Any CPU
		{67F73794-D88A-49F7-8CA4-52256D5603C5}.Debug|x86.Build.0 = Debug|Any CPU
		{67F73794-D88A-49F7-8CA4-52256D5603C5}.Release|Any CPU.ActiveCfg = Release|Any CPU
		{67F73794-D88A-49F7-8CA4-52256D5603C5}.Release|Any CPU.Build.0 = Release|Any CPU
		{67F73794-D88A-49F7-8CA4-52256D5603C5}.Release|x64.ActiveCfg = Release|Any CPU
		{67F73794-D88A-49F7-8CA4-52256D5603C5}.Release|x64.Build.0 = Release|Any CPU
		{67F73794-D88A-49F7-8CA4-52256D5603C5}.Release|x86.ActiveCfg = Release|Any CPU
		{67F73794-D88A-49F7-8CA4-52256D5603C5}.Release|x86.Build.0 = Release|Any CPU
	EndGlobalSection
	GlobalSection(SolutionProperties) = preSolution
		HideSolutionNode = FALSE
	EndGlobalSection
	GlobalSection(NestedProjects) = preSolution
		{92E5EF83-3D61-4873-901D-B08496235483} = {827E0CD3-B72D-47B6-A68D-7590B98EB39B}
		{B1A8F81B-5891-48D8-810B-8E8B95D00D2C} = {827E0CD3-B72D-47B6-A68D-7590B98EB39B}
		{06DDDDBF-B0C4-4DD7-860A-409F8B52ED1A} = {827E0CD3-B72D-47B6-A68D-7590B98EB39B}
		{D1AB7AFE-75C1-47B2-9EB5-427DB7E8B02A} = {827E0CD3-B72D-47B6-A68D-7590B98EB39B}
		{758E59C5-B796-4A45-AD0A-E905FB2DAED5} = {0AB3BF05-4346-4AA6-1389-037BE0695223}
		{67F73794-D88A-49F7-8CA4-52256D5603C5} = {0AB3BF05-4346-4AA6-1389-037BE0695223}
	EndGlobalSection
EndGlobal
